
Microsoft Visual Studio Solution File, Format Version 12.00
# Visual Studio Version 16
VisualStudioVersion = 16.0.30907.101
MinimumVisualStudioVersion = 10.0.40219.1
Project("{FAE04EC0-301F-11D3-BF4B-00C04F79EFBC}") = "MvcClient", "MvcClient\MvcClient.csproj", "{A9524DE1-03A0-4FE4-9026-6A098A2F763D}"
EndProject
Global
	GlobalSection(SolutionConfigurationPlatforms) = preSolution
		Debug|Any CPU = Debug|Any CPU
		Release|Any CPU = Release|Any CPU
	EndGlobalSection
	GlobalSection(ProjectConfigurationPlatforms) = postSolution
		{A9524DE1-03A0-4FE4-9026-6A098A2F763D}.Debug|Any CPU.ActiveCfg = Debug|Any CPU
		{A9524DE1-03A0-4FE4-9026-6A098A2F763D}.Debug|Any CPU.Build.0 = Debug|Any CPU
		{A9524DE1-03A0-4FE4-9026-6A098A2F763D}.Release|Any CPU.ActiveCfg = Release|Any CPU
		{A9524DE1-03A0-4FE4-9026-6A098A2F763D}.Release|Any CPU.Build.0 = Release|Any CPU
	EndGlobalSection
	GlobalSection(SolutionProperties) = preSolution
		HideSolutionNode = FALSE
	EndGlobalSection
	GlobalSection(ExtensibilityGlobals) = postSolution
		SolutionGuid = {D72A1396-F228-4771-A865-E4DD3B332816}
	EndGlobalSection
EndGlobal
